{
    "name": "brazilian-class-validator",
    "version": "0.1.10",
    "lockfileVersion": 2,
    "requires": true,
    "packages": {
        "": {
            "name": "brazilian-class-validator",
            "version": "0.1.10",
            "license": "MIT",
            "dependencies": {
                "brazilian-values": "^0.13.0",
                "class-validator": "^0.14.0"
            },
            "devDependencies": {
                "@types/node": "^18.7.18",
                "@types/validator": "^13.7.6",
                "typescript": "^4.8.3"
            }
        },
        "node_modules/@types/node": {
            "version": "18.7.18",
            "resolved": "https://registry.npmjs.org/@types/node/-/node-18.7.18.tgz",
            "integrity": "sha512-m+6nTEOadJZuTPkKR/SYK3A2d7FZrgElol9UP1Kae90VVU4a6mxnPuLiIW1m4Cq4gZ/nWb9GrdVXJCoCazDAbg==",
            "dev": true
        },
        "node_modules/@types/validator": {
            "version": "13.11.7",
            "resolved": "https://registry.npmjs.org/@types/validator/-/validator-13.11.7.tgz",
            "integrity": "sha512-q0JomTsJ2I5Mv7dhHhQLGjMvX0JJm5dyZ1DXQySIUzU1UlwzB8bt+R6+LODUbz0UDIOvEzGc28tk27gBJw2N8Q=="
        },
        "node_modules/brazilian-values": {
            "version": "0.13.0",
            "resolved": "https://registry.npmjs.org/brazilian-values/-/brazilian-values-0.13.0.tgz",
            "integrity": "sha512-gpEgD2+LUh0irOj2EfQsGm1uRcX+Pb+1qSLJtUYFUVkJi+NUc0uGa0TWDof36d0D+jrQpP4h8Vi5GIhT6bmjzw=="
        },
        "node_modules/class-validator": {
            "version": "0.14.0",
            "resolved": "https://registry.npmjs.org/class-validator/-/class-validator-0.14.0.tgz",
            "integrity": "sha512-ct3ltplN8I9fOwUd8GrP8UQixwff129BkEtuWDKL5W45cQuLd19xqmTLu5ge78YDm/fdje6FMt0hGOhl0lii3A==",
            "dependencies": {
                "@types/validator": "^13.7.10",
                "libphonenumber-js": "^1.10.14",
                "validator": "^13.7.0"
            }
        },
        "node_modules/libphonenumber-js": {
            "version": "1.10.51",
            "resolved": "https://registry.npmjs.org/libphonenumber-js/-/libphonenumber-js-1.10.51.tgz",
            "integrity": "sha512-vY2I+rQwrDQzoPds0JeTEpeWzbUJgqoV0O4v31PauHBb/e+1KCXKylHcDnBMgJZ9fH9mErsEbROJY3Z3JtqEmg=="
        },
        "node_modules/typescript": {
            "version": "4.8.3",
            "resolved": "https://registry.npmjs.org/typescript/-/typescript-4.8.3.tgz",
            "integrity": "sha512-goMHfm00nWPa8UvR/CPSvykqf6dVV8x/dp0c5mFTMTIu0u0FlGWRioyy7Nn0PGAdHxpJZnuO/ut+PpQ8UiHAig==",
            "dev": true,
            "bin": {
                "tsc": "bin/tsc",
                "tsserver": "bin/tsserver"
            },
            "engines": {
                "node": ">=4.2.0"
            }
        },
        "node_modules/validator": {
            "version": "13.7.0",
            "resolved": "https://registry.npmjs.org/validator/-/validator-13.7.0.tgz",
            "integrity": "sha512-nYXQLCBkpJ8X6ltALua9dRrZDHVYxjJ1wgskNt1lH9fzGjs3tgojGSCBjmEPwkWS1y29+DrizMTW19Pr9uB2nw==",
            "engines": {
                "node": ">= 0.10"
            }
        }
    },
    "dependencies": {
        "@types/node": {
            "version": "18.7.18",
            "resolved": "https://registry.npmjs.org/@types/node/-/node-18.7.18.tgz",
            "integrity": "sha512-m+6nTEOadJZuTPkKR/SYK3A2d7FZrgElol9UP1Kae90VVU4a6mxnPuLiIW1m4Cq4gZ/nWb9GrdVXJCoCazDAbg==",
            "dev": true
        },
        "@types/validator": {
            "version": "13.11.7",
            "resolved": "https://registry.npmjs.org/@types/validator/-/validator-13.11.7.tgz",
            "integrity": "sha512-q0JomTsJ2I5Mv7dhHhQLGjMvX0JJm5dyZ1DXQySIUzU1UlwzB8bt+R6+LODUbz0UDIOvEzGc28tk27gBJw2N8Q=="
        },
        "brazilian-values": {
            "version": "0.13.0",
            "resolved": "https://registry.npmjs.org/brazilian-values/-/brazilian-values-0.13.0.tgz",
            "integrity": "sha512-gpEgD2+LUh0irOj2EfQsGm1uRcX+Pb+1qSLJtUYFUVkJi+NUc0uGa0TWDof36d0D+jrQpP4h8Vi5GIhT6bmjzw=="
        },
        "class-validator": {
            "version": "0.14.0",
            "resolved": "https://registry.npmjs.org/class-validator/-/class-validator-0.14.0.tgz",
            "integrity": "sha512-ct3ltplN8I9fOwUd8GrP8UQixwff129BkEtuWDKL5W45cQuLd19xqmTLu5ge78YDm/fdje6FMt0hGOhl0lii3A==",
            "requires": {
                "@types/validator": "^13.7.10",
                "libphonenumber-js": "^1.10.14",
                "validator": "^13.7.0"
            }
        },
        "libphonenumber-js": {
            "version": "1.10.51",
            "resolved": "https://registry.npmjs.org/libphonenumber-js/-/libphonenumber-js-1.10.51.tgz",
            "integrity": "sha512-vY2I+rQwrDQzoPds0JeTEpeWzbUJgqoV0O4v31PauHBb/e+1KCXKylHcDnBMgJZ9fH9mErsEbROJY3Z3JtqEmg=="
        },
        "typescript": {
            "version": "4.8.3",
            "resolved": "https://registry.npmjs.org/typescript/-/typescript-4.8.3.tgz",
            "integrity": "sha512-goMHfm00nWPa8UvR/CPSvykqf6dVV8x/dp0c5mFTMTIu0u0FlGWRioyy7Nn0PGAdHxpJZnuO/ut+PpQ8UiHAig==",
            "dev": true
        },
        "validator": {
            "version": "13.7.0",
            "resolved": "https://registry.npmjs.org/validator/-/validator-13.7.0.tgz",
            "integrity": "sha512-nYXQLCBkpJ8X6ltALua9dRrZDHVYxjJ1wgskNt1lH9fzGjs3tgojGSCBjmEPwkWS1y29+DrizMTW19Pr9uB2nw=="
        }
    }
}
