{
  "name": "brazilian-class-validator",
  "version": "0.1.7",
  "lockfileVersion": 2,
  "requires": true,
  "packages": {
    "": {
      "name": "brazilian-class-validator",
      "version": "0.1.7",
      "license": "MIT",
      "dependencies": {
        "brazilian-values": "^0.12.0",
        "class-validator": "^0.13.2"
      },
      "devDependencies": {
        "@types/node": "^18.7.18",
        "@types/validator": "^13.7.6",
        "typescript": "^4.8.3"
      }
    },
    "node_modules/@types/node": {
      "version": "18.7.18",
      "dev": true,
      "license": "MIT"
    },
    "node_modules/@types/validator": {
      "version": "13.7.6",
      "dev": true,
      "license": "MIT"
    },
    "node_modules/brazilian-values": {
      "version": "0.12.0",
      "license": "MIT"
    },
    "node_modules/class-validator": {
      "version": "0.13.2",
      "license": "MIT",
      "dependencies": {
        "libphonenumber-js": "^1.9.43",
        "validator": "^13.7.0"
      }
    },
    "node_modules/libphonenumber-js": {
      "version": "1.10.13",
      "license": "MIT"
    },
    "node_modules/typescript": {
      "version": "4.8.3",
      "dev": true,
      "license": "Apache-2.0",
      "bin": {
        "tsc": "bin/tsc",
        "tsserver": "bin/tsserver"
      },
      "engines": {
        "node": ">=4.2.0"
      }
    },
    "node_modules/validator": {
      "version": "13.7.0",
      "license": "MIT",
      "engines": {
        "node": ">= 0.10"
      }
    }
  },
  "dependencies": {
    "@types/node": {
      "version": "18.7.18",
      "dev": true
    },
    "@types/validator": {
      "version": "13.7.6",
      "dev": true
    },
    "brazilian-values": {
      "version": "0.12.0"
    },
    "class-validator": {
      "version": "0.13.2",
      "requires": {
        "libphonenumber-js": "^1.9.43",
        "validator": "^13.7.0"
      }
    },
    "libphonenumber-js": {
      "version": "1.10.13"
    },
    "typescript": {
      "version": "4.8.3",
      "dev": true
    },
    "validator": {
      "version": "13.7.0"
    }
  }
}
